# THIS IS AN AUTOGENERATED FILE. DO NOT EDIT THIS FILE DIRECTLY.
# yarn lockfile v1


"@sentry/core@7.28.1":
  version "7.28.1"
  resolved "https://registry.yarnpkg.com/@sentry/core/-/core-7.28.1.tgz#c712ce17469b18b01606108817be24a99ed2116e"
  integrity sha512-7wvnuvn/mrAfcugWoCG/3pqDIrUgH5t+HisMJMGw0h9Tc33KqrmqMDCQVvjlrr2pWrw/vuUCFdm8CbUHJ832oQ==
  dependencies:
    "@sentry/types" "7.28.1"
    "@sentry/utils" "7.28.1"
    tslib "^1.9.3"

"@sentry/types@7.28.1":
  version "7.28.1"
  resolved "https://registry.yarnpkg.com/@sentry/types/-/types-7.28.1.tgz#9018b4c152b475de9bedd267237393d3c9b1253d"
  integrity sha512-DvSplMVrVEmOzR2M161V5+B8Up3vR71xMqJOpWTzE9TqtFJRGPtqT/5OBsNJJw1+/j2ssMcnKwbEo9Q2EGeS6g==

"@sentry/utils@7.28.1":
  version "7.28.1"
  resolved "https://registry.yarnpkg.com/@sentry/utils/-/utils-7.28.1.tgz#0a7b6aa4b09e91e4d1aded2a8c8dbaf818cee96e"
  integrity sha512-75/jzLUO9HH09iC9TslNimGbxOP3jgn89P+q7uR+rp2fJfRExHVeKJZQdK0Ij4/SmE7TJ3Uh2r154N0INZEx1g==
  dependencies:
    "@sentry/types" "7.28.1"
    tslib "^1.9.3"

toucan-js@^3.1.0:
  version "3.1.0"
  resolved "https://registry.yarnpkg.com/toucan-js/-/toucan-js-3.1.0.tgz#412cf43c259e702f46427e465adb2f588b7eea85"
  integrity sha512-bRbq/HB+aSfwbsSoCNI6qyPXx2bhsscxSYxnAY63xXv9lIeOLUYfvYdOIBWfAVj9QHNST+X83GQ0lj/llvHpVg==
  dependencies:
    "@sentry/core" "7.28.1"
    "@sentry/types" "7.28.1"
    "@sentry/utils" "7.28.1"

tslib@^1.9.3:
  version "1.14.1"
  resolved "https://registry.yarnpkg.com/tslib/-/tslib-1.14.1.tgz#cf2d38bdc34a134bcaf1091c41f6619e2f672d00"
  integrity sha512-Xni35NKzjgMrwevysHTCArtLDpPvye8zV/0E4EyYn43P7/7qvQwPh9BGkHewbMulVntbigmcT7rdX3BNo9wRJg==
